{"version":4,"terraform_version":"1.10.7","serial":3,"lineage":"e2706a3a-9a6b-cea9-a8d5-131e4113a293","outputs":{"dynamodb_table_name":{"value":"my-open-tofu-bucket-chenyi-cd","type":"string"},"s3_bucket_name":{"value":"my-open-tofu-bucket-chenyi-cd","type":"string"}},"resources":[{"module":"module.state","mode":"managed","type":"aws_dynamodb_table","name":"tofu_locks","provider":"provider[\"registry.opentofu.org/hashicorp/aws\"]","instances":[{"schema_version":1,"attributes":{"arn":"arn:aws:dynamodb:eu-central-1:893143134709:table/my-open-tofu-bucket-chenyi-cd","attribute":[{"name":"LockID","type":"S"}],"billing_mode":"PAY_PER_REQUEST","deletion_protection_enabled":false,"global_secondary_index":[],"hash_key":"LockID","id":"my-open-tofu-bucket-chenyi-cd","import_table":[],"local_secondary_index":[],"name":"my-open-tofu-bucket-chenyi-cd","on_demand_throughput":[],"point_in_time_recovery":[{"enabled":false,"recovery_period_in_days":0}],"range_key":null,"read_capacity":0,"region":"eu-central-1","replica":[],"restore_date_time":null,"restore_source_name":null,"restore_source_table_arn":null,"restore_to_latest_time":null,"server_side_encryption":[],"stream_arn":"","stream_enabled":false,"stream_label":"","stream_view_type":"","table_class":"STANDARD","tags":null,"tags_all":{},"timeouts":null,"ttl":[{"attribute_name":"","enabled":false}],"warm_throughput":[],"write_capacity":0},"sensitive_attributes":[],"private":"eyJlMmJmYjczMC1lY2FhLTExZTYtOGY4OC0zNDM2M2JjN2M0YzAiOnsiY3JlYXRlIjoxODAwMDAwMDAwMDAwLCJkZWxldGUiOjYwMDAwMDAwMDAwMCwidXBkYXRlIjozNjAwMDAwMDAwMDAwfSwic2NoZW1hX3ZlcnNpb24iOiIxIn0="}]},{"module":"module.state","mode":"managed","type":"aws_s3_bucket","name":"tofu_state","provider":"provider[\"registry.opentofu.org/hashicorp/aws\"]","instances":[{"schema_version":0,"attributes":{"acceleration_status":"","acl":null,"arn":"arn:aws:s3:::my-open-tofu-bucket-chenyi-cd","bucket":"my-open-tofu-bucket-chenyi-cd","bucket_domain_name":"my-open-tofu-bucket-chenyi-cd.s3.amazonaws.com","bucket_prefix":"","bucket_region":"eu-central-1","bucket_regional_domain_name":"my-open-tofu-bucket-chenyi-cd.s3.eu-central-1.amazonaws.com","cors_rule":[],"force_destroy":true,"grant":[{"id":"5aad091f365c6aa5e594ea26c15beb673549b47a6479215cdedf01d93d28df79","permissions":["FULL_CONTROL"],"type":"CanonicalUser","uri":""}],"hosted_zone_id":"Z21DNDUVLTQW6Q","id":"my-open-tofu-bucket-chenyi-cd","lifecycle_rule":[],"logging":[],"object_lock_configuration":[],"object_lock_enabled":false,"policy":"","region":"eu-central-1","replication_configuration":[],"request_payer":"BucketOwner","server_side_encryption_configuration":[{"rule":[{"apply_server_side_encryption_by_default":[{"kms_master_key_id":"","sse_algorithm":"AES256"}],"bucket_key_enabled":false}]}],"tags":null,"tags_all":{},"timeouts":null,"versioning":[{"enabled":false,"mfa_delete":false}],"website":[],"website_domain":null,"website_endpoint":null},"sensitive_attributes":[],"private":"eyJlMmJmYjczMC1lY2FhLTExZTYtOGY4OC0zNDM2M2JjN2M0YzAiOnsiY3JlYXRlIjoxMjAwMDAwMDAwMDAwLCJkZWxldGUiOjM2MDAwMDAwMDAwMDAsInJlYWQiOjEyMDAwMDAwMDAwMDAsInVwZGF0ZSI6MTIwMDAwMDAwMDAwMH19"}]},{"module":"module.state","mode":"managed","type":"aws_s3_bucket_public_access_block","name":"public_access","provider":"provider[\"registry.opentofu.org/hashicorp/aws\"]","instances":[{"schema_version":0,"attributes":{"block_public_acls":true,"block_public_policy":true,"bucket":"my-open-tofu-bucket-chenyi-cd","id":"my-open-tofu-bucket-chenyi-cd","ignore_public_acls":true,"region":"eu-central-1","restrict_public_buckets":true,"skip_destroy":null},"sensitive_attributes":[],"private":"bnVsbA==","dependencies":["module.state.aws_s3_bucket.tofu_state"]}]},{"module":"module.state","mode":"managed","type":"aws_s3_bucket_server_side_encryption_configuration","name":"default","provider":"provider[\"registry.opentofu.org/hashicorp/aws\"]","instances":[{"schema_version":0,"attributes":{"bucket":"my-open-tofu-bucket-chenyi-cd","expected_bucket_owner":"","id":"my-open-tofu-bucket-chenyi-cd","region":"eu-central-1","rule":[{"apply_server_side_encryption_by_default":[{"kms_master_key_id":"","sse_algorithm":"AES256"}],"bucket_key_enabled":null}]},"sensitive_attributes":[],"private":"bnVsbA==","dependencies":["module.state.aws_s3_bucket.tofu_state"]}]},{"module":"module.state","mode":"managed","type":"aws_s3_bucket_versioning","name":"enabled","provider":"provider[\"registry.opentofu.org/hashicorp/aws\"]","instances":[{"schema_version":0,"attributes":{"bucket":"my-open-tofu-bucket-chenyi-cd","expected_bucket_owner":"","id":"my-open-tofu-bucket-chenyi-cd","mfa":null,"region":"eu-central-1","versioning_configuration":[{"mfa_delete":"","status":"Enabled"}]},"sensitive_attributes":[],"private":"bnVsbA==","dependencies":["module.state.aws_s3_bucket.tofu_state"]}]}],"check_results":null}
